
Microsoft Visual Studio Solution File, Format Version 12.00
# Visual Studio Version 17
VisualStudioVersion = 17.6.33801.468
MinimumVisualStudioVersion = 10.0.40219.1
Project("{FAE04EC0-301F-11D3-BF4B-00C04F79EFBC}") = "998tester", "998tester\998tester.csproj", "{A2C7E866-7BCE-496C-992F-747B98DE1288}"
EndProject
Global
	GlobalSection(SolutionConfigurationPlatforms) = preSolution
		Debug|Any CPU = Debug|Any CPU
		Release|Any CPU = Release|Any CPU
	EndGlobalSection
	GlobalSection(ProjectConfigurationPlatforms) = postSolution
		{A2C7E866-7BCE-496C-992F-747B98DE1288}.Debug|Any CPU.ActiveCfg = Debug|Any CPU
		{A2C7E866-7BCE-496C-992F-747B98DE1288}.Debug|Any CPU.Build.0 = Debug|Any CPU
		{A2C7E866-7BCE-496C-992F-747B98DE1288}.Release|Any CPU.ActiveCfg = Release|Any CPU
		{A2C7E866-7BCE-496C-992F-747B98DE1288}.Release|Any CPU.Build.0 = Release|Any CPU
	EndGlobalSection
	GlobalSection(SolutionProperties) = preSolution
		HideSolutionNode = FALSE
	EndGlobalSection
	GlobalSection(ExtensibilityGlobals) = postSolution
		SolutionGuid = {A8EBA37D-B461-4A64-8FF3-C616AB44C8EA}
	EndGlobalSection
EndGlobal
